// !$*UTF8*$!
{
	archiveVersion = 1;
	classes = {
	};
	objectVersion = 50;
	objects = {

/* Begin PBXBuildFile section */
		9E53FD48247F897300954EC2 /* AppDelegate.swift in Sources */ = {isa = PBXBuildFile; fileRef = 9E53FD47247F897300954EC2 /* AppDelegate.swift */; };
		9E53FD4A247F897300954EC2 /* SceneDelegate.swift in Sources */ = {isa = PBXBuildFile; fileRef = 9E53FD49247F897300954EC2 /* SceneDelegate.swift */; };
		9E53FD4C247F897300954EC2 /* ContentView.swift in Sources */ = {isa = PBXBuildFile; fileRef = 9E53FD4B247F897300954EC2 /* ContentView.swift */; };
		9E53FD4E247F897700954EC2 /* Assets.xcassets in Resources */ = {isa = PBXBuildFile; fileRef = 9E53FD4D247F897700954EC2 /* Assets.xcassets */; };
		9E53FD51247F897700954EC2 /* Preview Assets.xcassets in Resources */ = {isa = PBXBuildFile; fileRef = 9E53FD50247F897700954EC2 /* Preview Assets.xcassets */; };
		9E53FD54247F897700954EC2 /* LaunchScreen.storyboard in Resources */ = {isa = PBXBuildFile; fileRef = 9E53FD52247F897700954EC2 /* LaunchScreen.storyboard */; };
		9E53FD5C247F8C7A00954EC2 /* DividerView.swift in Sources */ = {isa = PBXBuildFile; fileRef = 9E53FD5B247F8C7A00954EC2 /* DividerView.swift */; };
		9E53FD5E247F8E7400954EC2 /* ContextMenu.swift in Sources */ = {isa = PBXBuildFile; fileRef = 9E53FD5D247F8E7400954EC2 /* ContextMenu.swift */; };
		9E53FD82247FE42C00954EC2 /* ProgressView.swift in Sources */ = {isa = PBXBuildFile; fileRef = 9E53FD81247FE42C00954EC2 /* ProgressView.swift */; };
		9E53FD84247FFD7600954EC2 /* FormView.swift in Sources */ = {isa = PBXBuildFile; fileRef = 9E53FD83247FFD7600954EC2 /* FormView.swift */; };
		9E54CEF3248111010068B7FE /* StepperView.swift in Sources */ = {isa = PBXBuildFile; fileRef = 9E54CEF2248111010068B7FE /* StepperView.swift */; };
		9E54CEF524813BEE0068B7FE /* Animation1.swift in Sources */ = {isa = PBXBuildFile; fileRef = 9E54CEF424813BEE0068B7FE /* Animation1.swift */; };
		9E54CEF724813CE60068B7FE /* Animation2.swift in Sources */ = {isa = PBXBuildFile; fileRef = 9E54CEF624813CE60068B7FE /* Animation2.swift */; };
		9E54CEF924813D950068B7FE /* Animation3.swift in Sources */ = {isa = PBXBuildFile; fileRef = 9E54CEF824813D950068B7FE /* Animation3.swift */; };
		9E54CEFB24813F7B0068B7FE /* Animation4.swift in Sources */ = {isa = PBXBuildFile; fileRef = 9E54CEFA24813F7B0068B7FE /* Animation4.swift */; };
		9E54CEFD248141A30068B7FE /* Animation5.swift in Sources */ = {isa = PBXBuildFile; fileRef = 9E54CEFC248141A30068B7FE /* Animation5.swift */; };
		9E54CEFF248143150068B7FE /* Animation6.swift in Sources */ = {isa = PBXBuildFile; fileRef = 9E54CEFE248143150068B7FE /* Animation6.swift */; };
/* End PBXBuildFile section */

/* Begin PBXFileReference section */
		9E53FD44247F897300954EC2 /* Groups.app */ = {isa = PBXFileReference; explicitFileType = wrapper.application; includeInIndex = 0; path = Groups.app; sourceTree = BUILT_PRODUCTS_DIR; };
		9E53FD47247F897300954EC2 /* AppDelegate.swift */ = {isa = PBXFileReference; lastKnownFileType = sourcecode.swift; path = AppDelegate.swift; sourceTree = "<group>"; };
		9E53FD49247F897300954EC2 /* SceneDelegate.swift */ = {isa = PBXFileReference; lastKnownFileType = sourcecode.swift; path = SceneDelegate.swift; sourceTree = "<group>"; };
		9E53FD4B247F897300954EC2 /* ContentView.swift */ = {isa = PBXFileReference; lastKnownFileType = sourcecode.swift; path = ContentView.swift; sourceTree = "<group>"; };
		9E53FD4D247F897700954EC2 /* Assets.xcassets */ = {isa = PBXFileReference; lastKnownFileType = folder.assetcatalog; path = Assets.xcassets; sourceTree = "<group>"; };
		9E53FD50247F897700954EC2 /* Preview Assets.xcassets */ = {isa = PBXFileReference; lastKnownFileType = folder.assetcatalog; path = "Preview Assets.xcassets"; sourceTree = "<group>"; };
		9E53FD53247F897700954EC2 /* Base */ = {isa = PBXFileReference; lastKnownFileType = file.storyboard; name = Base; path = Base.lproj/LaunchScreen.storyboard; sourceTree = "<group>"; };
		9E53FD55247F897700954EC2 /* Info.plist */ = {isa = PBXFileReference; lastKnownFileType = text.plist.xml; path = Info.plist; sourceTree = "<group>"; };
		9E53FD5B247F8C7A00954EC2 /* DividerView.swift */ = {isa = PBXFileReference; lastKnownFileType = sourcecode.swift; path = DividerView.swift; sourceTree = "<group>"; };
		9E53FD5D247F8E7400954EC2 /* ContextMenu.swift */ = {isa = PBXFileReference; lastKnownFileType = sourcecode.swift; path = ContextMenu.swift; sourceTree = "<group>"; };
		9E53FD81247FE42C00954EC2 /* ProgressView.swift */ = {isa = PBXFileReference; lastKnownFileType = sourcecode.swift; path = ProgressView.swift; sourceTree = "<group>"; };
		9E53FD83247FFD7600954EC2 /* FormView.swift */ = {isa = PBXFileReference; lastKnownFileType = sourcecode.swift; path = FormView.swift; sourceTree = "<group>"; };
		9E54CEF2248111010068B7FE /* StepperView.swift */ = {isa = PBXFileReference; lastKnownFileType = sourcecode.swift; path = StepperView.swift; sourceTree = "<group>"; };
		9E54CEF424813BEE0068B7FE /* Animation1.swift */ = {isa = PBXFileReference; lastKnownFileType = sourcecode.swift; path = Animation1.swift; sourceTree = "<group>"; };
		9E54CEF624813CE60068B7FE /* Animation2.swift */ = {isa = PBXFileReference; lastKnownFileType = sourcecode.swift; path = Animation2.swift; sourceTree = "<group>"; };
		9E54CEF824813D950068B7FE /* Animation3.swift */ = {isa = PBXFileReference; lastKnownFileType = sourcecode.swift; path = Animation3.swift; sourceTree = "<group>"; };
		9E54CEFA24813F7B0068B7FE /* Animation4.swift */ = {isa = PBXFileReference; lastKnownFileType = sourcecode.swift; path = Animation4.swift; sourceTree = "<group>"; };
		9E54CEFC248141A30068B7FE /* Animation5.swift */ = {isa = PBXFileReference; lastKnownFileType = sourcecode.swift; path = Animation5.swift; sourceTree = "<group>"; };
		9E54CEFE248143150068B7FE /* Animation6.swift */ = {isa = PBXFileReference; lastKnownFileType = sourcecode.swift; path = Animation6.swift; sourceTree = "<group>"; };
/* End PBXFileReference section */

/* Begin PBXFrameworksBuildPhase section */
		9E53FD41247F897300954EC2 /* Frameworks */ = {
			isa = PBXFrameworksBuildPhase;
			buildActionMask = 2147483647;
			files = (
			);
			runOnlyForDeploymentPostprocessing = 0;
		};
/* End PBXFrameworksBuildPhase section */

/* Begin PBXGroup section */
		9E53FD3B247F897300954EC2 = {
			isa = PBXGroup;
			children = (
				9E53FD46247F897300954EC2 /* Groups */,
				9E53FD45247F897300954EC2 /* Products */,
			);
			sourceTree = "<group>";
		};
		9E53FD45247F897300954EC2 /* Products */ = {
			isa = PBXGroup;
			children = (
				9E53FD44247F897300954EC2 /* Groups.app */,
			);
			name = Products;
			sourceTree = "<group>";
		};
		9E53FD46247F897300954EC2 /* Groups */ = {
			isa = PBXGroup;
			children = (
				9E53FD47247F897300954EC2 /* AppDelegate.swift */,
				9E53FD49247F897300954EC2 /* SceneDelegate.swift */,
				9E53FD4B247F897300954EC2 /* ContentView.swift */,
				9E54CEFE248143150068B7FE /* Animation6.swift */,
				9E54CEFC248141A30068B7FE /* Animation5.swift */,
				9E54CEFA24813F7B0068B7FE /* Animation4.swift */,
				9E54CEF824813D950068B7FE /* Animation3.swift */,
				9E54CEF424813BEE0068B7FE /* Animation1.swift */,
				9E54CEF624813CE60068B7FE /* Animation2.swift */,
				9E53FD83247FFD7600954EC2 /* FormView.swift */,
				9E54CEF2248111010068B7FE /* StepperView.swift */,
				9E53FD81247FE42C00954EC2 /* ProgressView.swift */,
				9E53FD5D247F8E7400954EC2 /* ContextMenu.swift */,
				9E53FD5B247F8C7A00954EC2 /* DividerView.swift */,
				9E53FD4D247F897700954EC2 /* Assets.xcassets */,
				9E53FD52247F897700954EC2 /* LaunchScreen.storyboard */,
				9E53FD55247F897700954EC2 /* Info.plist */,
				9E53FD4F247F897700954EC2 /* Preview Content */,
			);
			path = Groups;
			sourceTree = "<group>";
		};
		9E53FD4F247F897700954EC2 /* Preview Content */ = {
			isa = PBXGroup;
			children = (
				9E53FD50247F897700954EC2 /* Preview Assets.xcassets */,
			);
			path = "Preview Content";
			sourceTree = "<group>";
		};
/* End PBXGroup section */

/* Begin PBXNativeTarget section */
		9E53FD43247F897300954EC2 /* Groups */ = {
			isa = PBXNativeTarget;
			buildConfigurationList = 9E53FD58247F897700954EC2 /* Build configuration list for PBXNativeTarget "Groups" */;
			buildPhases = (
				9E53FD40247F897300954EC2 /* Sources */,
				9E53FD41247F897300954EC2 /* Frameworks */,
				9E53FD42247F897300954EC2 /* Resources */,
			);
			buildRules = (
			);
			dependencies = (
			);
			name = Groups;
			productName = Groups;
			productReference = 9E53FD44247F897300954EC2 /* Groups.app */;
			productType = "com.apple.product-type.application";
		};
/* End PBXNativeTarget section */

/* Begin PBXProject section */
		9E53FD3C247F897300954EC2 /* Project object */ = {
			isa = PBXProject;
			attributes = {
				LastSwiftUpdateCheck = 1140;
				LastUpgradeCheck = 1140;
				ORGANIZATIONNAME = "venkata sudhakar";
				TargetAttributes = {
					9E53FD43247F897300954EC2 = {
						CreatedOnToolsVersion = 11.4.1;
					};
				};
			};
			buildConfigurationList = 9E53FD3F247F897300954EC2 /* Build configuration list for PBXProject "Groups" */;
			compatibilityVersion = "Xcode 9.3";
			developmentRegion = en;
			hasScannedForEncodings = 0;
			knownRegions = (
				en,
				Base,
			);
			mainGroup = 9E53FD3B247F897300954EC2;
			productRefGroup = 9E53FD45247F897300954EC2 /* Products */;
			projectDirPath = "";
			projectRoot = "";
			targets = (
				9E53FD43247F897300954EC2 /* Groups */,
			);
		};
/* End PBXProject section */

/* Begin PBXResourcesBuildPhase section */
		9E53FD42247F897300954EC2 /* Resources */ = {
			isa = PBXResourcesBuildPhase;
			buildActionMask = 2147483647;
			files = (
				9E53FD54247F897700954EC2 /* LaunchScreen.storyboard in Resources */,
				9E53FD51247F897700954EC2 /* Preview Assets.xcassets in Resources */,
				9E53FD4E247F897700954EC2 /* Assets.xcassets in Resources */,
			);
			runOnlyForDeploymentPostprocessing = 0;
		};
/* End PBXResourcesBuildPhase section */

/* Begin PBXSourcesBuildPhase section */
		9E53FD40247F897300954EC2 /* Sources */ = {
			isa = PBXSourcesBuildPhase;
			buildActionMask = 2147483647;
			files = (
				9E53FD5E247F8E7400954EC2 /* ContextMenu.swift in Sources */,
				9E53FD48247F897300954EC2 /* AppDelegate.swift in Sources */,
				9E54CEF924813D950068B7FE /* Animation3.swift in Sources */,
				9E54CEFB24813F7B0068B7FE /* Animation4.swift in Sources */,
				9E54CEF3248111010068B7FE /* StepperView.swift in Sources */,
				9E54CEF524813BEE0068B7FE /* Animation1.swift in Sources */,
				9E53FD84247FFD7600954EC2 /* FormView.swift in Sources */,
				9E53FD4A247F897300954EC2 /* SceneDelegate.swift in Sources */,
				9E53FD5C247F8C7A00954EC2 /* DividerView.swift in Sources */,
				9E54CEFF248143150068B7FE /* Animation6.swift in Sources */,
				9E54CEF724813CE60068B7FE /* Animation2.swift in Sources */,
				9E53FD4C247F897300954EC2 /* ContentView.swift in Sources */,
				9E53FD82247FE42C00954EC2 /* ProgressView.swift in Sources */,
				9E54CEFD248141A30068B7FE /* Animation5.swift in Sources */,
			);
			runOnlyForDeploymentPostprocessing = 0;
		};
/* End PBXSourcesBuildPhase section */

/* Begin PBXVariantGroup section */
		9E53FD52247F897700954EC2 /* LaunchScreen.storyboard */ = {
			isa = PBXVariantGroup;
			children = (
				9E53FD53247F897700954EC2 /* Base */,
			);
			name = LaunchScreen.storyboard;
			sourceTree = "<group>";
		};
/* End PBXVariantGroup section */

/* Begin XCBuildConfiguration section */
		9E53FD56247F897700954EC2 /* Debug */ = {
			isa = XCBuildConfiguration;
			buildSettings = {
				ALWAYS_SEARCH_USER_PATHS = NO;
				CLANG_ANALYZER_NONNULL = YES;
				CLANG_ANALYZER_NUMBER_OBJECT_CONVERSION = YES_AGGRESSIVE;
				CLANG_CXX_LANGUAGE_STANDARD = "gnu++14";
				CLANG_CXX_LIBRARY = "libc++";
				CLANG_ENABLE_MODULES = YES;
				CLANG_ENABLE_OBJC_ARC = YES;
				CLANG_ENABLE_OBJC_WEAK = YES;
				CLANG_WARN_BLOCK_CAPTURE_AUTORELEASING = YES;
				CLANG_WARN_BOOL_CONVERSION = YES;
				CLANG_WARN_COMMA = YES;
				CLANG_WARN_CONSTANT_CONVERSION = YES;
				CLANG_WARN_DEPRECATED_OBJC_IMPLEMENTATIONS = YES;
				CLANG_WARN_DIRECT_OBJC_ISA_USAGE = YES_ERROR;
				CLANG_WARN_DOCUMENTATION_COMMENTS = YES;
				CLANG_WARN_EMPTY_BODY = YES;
				CLANG_WARN_ENUM_CONVERSION = YES;
				CLANG_WARN_INFINITE_RECURSION = YES;
				CLANG_WARN_INT_CONVERSION = YES;
				CLANG_WARN_NON_LITERAL_NULL_CONVERSION = YES;
				CLANG_WARN_OBJC_IMPLICIT_RETAIN_SELF = YES;
				CLANG_WARN_OBJC_LITERAL_CONVERSION = YES;
				CLANG_WARN_OBJC_ROOT_CLASS = YES_ERROR;
				CLANG_WARN_RANGE_LOOP_ANALYSIS = YES;
				CLANG_WARN_STRICT_PROTOTYPES = YES;
				CLANG_WARN_SUSPICIOUS_MOVE = YES;
				CLANG_WARN_UNGUARDED_AVAILABILITY = YES_AGGRESSIVE;
				CLANG_WARN_UNREACHABLE_CODE = YES;
				CLANG_WARN__DUPLICATE_METHOD_MATCH = YES;
				COPY_PHASE_STRIP = NO;
				DEBUG_INFORMATION_FORMAT = dwarf;
				ENABLE_STRICT_OBJC_MSGSEND = YES;
				ENABLE_TESTABILITY = YES;
				GCC_C_LANGUAGE_STANDARD = gnu11;
				GCC_DYNAMIC_NO_PIC = NO;
				GCC_NO_COMMON_BLOCKS = YES;
				GCC_OPTIMIZATION_LEVEL = 0;
				GCC_PREPROCESSOR_DEFINITIONS = (
					"DEBUG=1",
					"$(inherited)",
				);
				GCC_WARN_64_TO_32_BIT_CONVERSION = YES;
				GCC_WARN_ABOUT_RETURN_TYPE = YES_ERROR;
				GCC_WARN_UNDECLARED_SELECTOR = YES;
				GCC_WARN_UNINITIALIZED_AUTOS = YES_AGGRESSIVE;
				GCC_WARN_UNUSED_FUNCTION = YES;
				GCC_WARN_UNUSED_VARIABLE = YES;
				IPHONEOS_DEPLOYMENT_TARGET = 13.4;
				MTL_ENABLE_DEBUG_INFO = INCLUDE_SOURCE;
				MTL_FAST_MATH = YES;
				ONLY_ACTIVE_ARCH = YES;
				SDKROOT = iphoneos;
				SWIFT_ACTIVE_COMPILATION_CONDITIONS = DEBUG;
				SWIFT_OPTIMIZATION_LEVEL = "-Onone";
			};
			name = Debug;
		};
		9E53FD57247F897700954EC2 /* Release */ = {
			isa = XCBuildConfiguration;
			buildSettings = {
				ALWAYS_SEARCH_USER_PATHS = NO;
				CLANG_ANALYZER_NONNULL = YES;
				CLANG_ANALYZER_NUMBER_OBJECT_CONVERSION = YES_AGGRESSIVE;
				CLANG_CXX_LANGUAGE_STANDARD = "gnu++14";
				CLANG_CXX_LIBRARY = "libc++";
				CLANG_ENABLE_MODULES = YES;
				CLANG_ENABLE_OBJC_ARC = YES;
				CLANG_ENABLE_OBJC_WEAK = YES;
				CLANG_WARN_BLOCK_CAPTURE_AUTORELEASING = YES;
				CLANG_WARN_BOOL_CONVERSION = YES;
				CLANG_WARN_COMMA = YES;
				CLANG_WARN_CONSTANT_CONVERSION = YES;
				CLANG_WARN_DEPRECATED_OBJC_IMPLEMENTATIONS = YES;
				CLANG_WARN_DIRECT_OBJC_ISA_USAGE = YES_ERROR;
				CLANG_WARN_DOCUMENTATION_COMMENTS = YES;
				CLANG_WARN_EMPTY_BODY = YES;
				CLANG_WARN_ENUM_CONVERSION = YES;
				CLANG_WARN_INFINITE_RECURSION = YES;
				CLANG_WARN_INT_CONVERSION = YES;
				CLANG_WARN_NON_LITERAL_NULL_CONVERSION = YES;
				CLANG_WARN_OBJC_IMPLICIT_RETAIN_SELF = YES;
				CLANG_WARN_OBJC_LITERAL_CONVERSION = YES;
				CLANG_WARN_OBJC_ROOT_CLASS = YES_ERROR;
				CLANG_WARN_RANGE_LOOP_ANALYSIS = YES;
				CLANG_WARN_STRICT_PROTOTYPES = YES;
				CLANG_WARN_SUSPICIOUS_MOVE = YES;
				CLANG_WARN_UNGUARDED_AVAILABILITY = YES_AGGRESSIVE;
				CLANG_WARN_UNREACHABLE_CODE = YES;
				CLANG_WARN__DUPLICATE_METHOD_MATCH = YES;
				COPY_PHASE_STRIP = NO;
				DEBUG_INFORMATION_FORMAT = "dwarf-with-dsym";
				ENABLE_NS_ASSERTIONS = NO;
				ENABLE_STRICT_OBJC_MSGSEND = YES;
				GCC_C_LANGUAGE_STANDARD = gnu11;
				GCC_NO_COMMON_BLOCKS = YES;
				GCC_WARN_64_TO_32_BIT_CONVERSION = YES;
				GCC_WARN_ABOUT_RETURN_TYPE = YES_ERROR;
				GCC_WARN_UNDECLARED_SELECTOR = YES;
				GCC_WARN_UNINITIALIZED_AUTOS = YES_AGGRESSIVE;
				GCC_WARN_UNUSED_FUNCTION = YES;
				GCC_WARN_UNUSED_VARIABLE = YES;
				IPHONEOS_DEPLOYMENT_TARGET = 13.4;
				MTL_ENABLE_DEBUG_INFO = NO;
				MTL_FAST_MATH = YES;
				SDKROOT = iphoneos;
				SWIFT_COMPILATION_MODE = wholemodule;
				SWIFT_OPTIMIZATION_LEVEL = "-O";
				VALIDATE_PRODUCT = YES;
			};
			name = Release;
		};
		9E53FD59247F897700954EC2 /* Debug */ = {
			isa = XCBuildConfiguration;
			buildSettings = {
				ASSETCATALOG_COMPILER_APPICON_NAME = AppIcon;
				CODE_SIGN_STYLE = Automatic;
				DEVELOPMENT_ASSET_PATHS = "\"Groups/Preview Content\"";
				ENABLE_PREVIEWS = YES;
				INFOPLIST_FILE = Groups/Info.plist;
				LD_RUNPATH_SEARCH_PATHS = (
					"$(inherited)",
					"@executable_path/Frameworks",
				);
				PRODUCT_BUNDLE_IDENTIFIER = com.sudhakar.Groups;
				PRODUCT_NAME = "$(TARGET_NAME)";
				SWIFT_VERSION = 5.0;
				TARGETED_DEVICE_FAMILY = "1,2";
			};
			name = Debug;
		};
		9E53FD5A247F897700954EC2 /* Release */ = {
			isa = XCBuildConfiguration;
			buildSettings = {
				ASSETCATALOG_COMPILER_APPICON_NAME = AppIcon;
				CODE_SIGN_STYLE = Automatic;
				DEVELOPMENT_ASSET_PATHS = "\"Groups/Preview Content\"";
				ENABLE_PREVIEWS = YES;
				INFOPLIST_FILE = Groups/Info.plist;
				LD_RUNPATH_SEARCH_PATHS = (
					"$(inherited)",
					"@executable_path/Frameworks",
				);
				PRODUCT_BUNDLE_IDENTIFIER = com.sudhakar.Groups;
				PRODUCT_NAME = "$(TARGET_NAME)";
				SWIFT_VERSION = 5.0;
				TARGETED_DEVICE_FAMILY = "1,2";
			};
			name = Release;
		};
/* End XCBuildConfiguration section */

/* Begin XCConfigurationList section */
		9E53FD3F247F897300954EC2 /* Build configuration list for PBXProject "Groups" */ = {
			isa = XCConfigurationList;
			buildConfigurations = (
				9E53FD56247F897700954EC2 /* Debug */,
				9E53FD57247F897700954EC2 /* Release */,
			);
			defaultConfigurationIsVisible = 0;
			defaultConfigurationName = Release;
		};
		9E53FD58247F897700954EC2 /* Build configuration list for PBXNativeTarget "Groups" */ = {
			isa = XCConfigurationList;
			buildConfigurations = (
				9E53FD59247F897700954EC2 /* Debug */,
				9E53FD5A247F897700954EC2 /* Release */,
			);
			defaultConfigurationIsVisible = 0;
			defaultConfigurationName = Release;
		};
/* End XCConfigurationList section */
	};
	rootObject = 9E53FD3C247F897300954EC2 /* Project object */;
}
